// !$*UTF8*$!
{
	archiveVersion = 1;
	classes = {
	};
	objectVersion = 56;
	objects = {

/* Begin PBXBuildFile section */
		E83002BF2C87C81A000653C5 /* ChooseView.swift in Sources */ = {isa = PBXBuildFile; fileRef = E83002BE2C87C81A000653C5 /* ChooseView.swift */; };
		E83002C12C87CACC000653C5 /* AccountTypeChoice.swift in Sources */ = {isa = PBXBuildFile; fileRef = E83002C02C87CACC000653C5 /* AccountTypeChoice.swift */; };
		E83002C32C87CAF2000653C5 /* AccountType.swift in Sources */ = {isa = PBXBuildFile; fileRef = E83002C22C87CAF2000653C5 /* AccountType.swift */; };
		E83002C72C87CC0F000653C5 /* LoginViewModel.swift in Sources */ = {isa = PBXBuildFile; fileRef = E83002C62C87CC0F000653C5 /* LoginViewModel.swift */; };
		E890EB732C874A7D00A8F2E3 /* graduation_projectApp.swift in Sources */ = {isa = PBXBuildFile; fileRef = E890EB722C874A7D00A8F2E3 /* graduation_projectApp.swift */; };
		E890EB772C874A7F00A8F2E3 /* Assets.xcassets in Resources */ = {isa = PBXBuildFile; fileRef = E890EB762C874A7F00A8F2E3 /* Assets.xcassets */; };
		E890EB7A2C874A7F00A8F2E3 /* Preview Assets.xcassets in Resources */ = {isa = PBXBuildFile; fileRef = E890EB792C874A7F00A8F2E3 /* Preview Assets.xcassets */; };
		E890EB812C8755F600A8F2E3 /* Launch Screen.storyboard in Resources */ = {isa = PBXBuildFile; fileRef = E890EB802C8755F600A8F2E3 /* Launch Screen.storyboard */; };
		E890EB852C87581D00A8F2E3 /* IntroView.swift in Sources */ = {isa = PBXBuildFile; fileRef = E890EB842C87581D00A8F2E3 /* IntroView.swift */; };
		E890EB872C87583800A8F2E3 /* Slide.swift in Sources */ = {isa = PBXBuildFile; fileRef = E890EB862C87583800A8F2E3 /* Slide.swift */; };
		E890EB8A2C8758C700A8F2E3 /* SlideView.swift in Sources */ = {isa = PBXBuildFile; fileRef = E890EB892C8758C700A8F2E3 /* SlideView.swift */; };
		E890EB8E2C875A0600A8F2E3 /* IntroView+Handler.swift in Sources */ = {isa = PBXBuildFile; fileRef = E890EB8D2C875A0600A8F2E3 /* IntroView+Handler.swift */; };
		E890EB902C87620800A8F2E3 /* SlidesTracker.swift in Sources */ = {isa = PBXBuildFile; fileRef = E890EB8F2C87620800A8F2E3 /* SlidesTracker.swift */; };
		E890EB922C87864C00A8F2E3 /* FinalIntroView.swift in Sources */ = {isa = PBXBuildFile; fileRef = E890EB912C87864B00A8F2E3 /* FinalIntroView.swift */; };
		E890EB942C87968B00A8F2E3 /* RedButton.swift in Sources */ = {isa = PBXBuildFile; fileRef = E890EB932C87968B00A8F2E3 /* RedButton.swift */; };
/* End PBXBuildFile section */

/* Begin PBXFileReference section */
		E83002BE2C87C81A000653C5 /* ChooseView.swift */ = {isa = PBXFileReference; lastKnownFileType = sourcecode.swift; path = ChooseView.swift; sourceTree = "<group>"; };
		E83002C02C87CACC000653C5 /* AccountTypeChoice.swift */ = {isa = PBXFileReference; lastKnownFileType = sourcecode.swift; path = AccountTypeChoice.swift; sourceTree = "<group>"; };
		E83002C22C87CAF2000653C5 /* AccountType.swift */ = {isa = PBXFileReference; lastKnownFileType = sourcecode.swift; path = AccountType.swift; sourceTree = "<group>"; };
		E83002C62C87CC0F000653C5 /* LoginViewModel.swift */ = {isa = PBXFileReference; lastKnownFileType = sourcecode.swift; path = LoginViewModel.swift; sourceTree = "<group>"; };
		E890EB6F2C874A7D00A8F2E3 /* graduation project.app */ = {isa = PBXFileReference; explicitFileType = wrapper.application; includeInIndex = 0; path = "graduation project.app"; sourceTree = BUILT_PRODUCTS_DIR; };
		E890EB722C874A7D00A8F2E3 /* graduation_projectApp.swift */ = {isa = PBXFileReference; lastKnownFileType = sourcecode.swift; path = graduation_projectApp.swift; sourceTree = "<group>"; };
		E890EB762C874A7F00A8F2E3 /* Assets.xcassets */ = {isa = PBXFileReference; lastKnownFileType = folder.assetcatalog; path = Assets.xcassets; sourceTree = "<group>"; };
		E890EB792C874A7F00A8F2E3 /* Preview Assets.xcassets */ = {isa = PBXFileReference; lastKnownFileType = folder.assetcatalog; path = "Preview Assets.xcassets"; sourceTree = "<group>"; };
		E890EB802C8755F600A8F2E3 /* Launch Screen.storyboard */ = {isa = PBXFileReference; lastKnownFileType = file.storyboard; path = "Launch Screen.storyboard"; sourceTree = "<group>"; };
		E890EB842C87581D00A8F2E3 /* IntroView.swift */ = {isa = PBXFileReference; lastKnownFileType = sourcecode.swift; path = IntroView.swift; sourceTree = "<group>"; };
		E890EB862C87583800A8F2E3 /* Slide.swift */ = {isa = PBXFileReference; lastKnownFileType = sourcecode.swift; path = Slide.swift; sourceTree = "<group>"; };
		E890EB892C8758C700A8F2E3 /* SlideView.swift */ = {isa = PBXFileReference; lastKnownFileType = sourcecode.swift; path = SlideView.swift; sourceTree = "<group>"; };
		E890EB8D2C875A0600A8F2E3 /* IntroView+Handler.swift */ = {isa = PBXFileReference; lastKnownFileType = sourcecode.swift; path = "IntroView+Handler.swift"; sourceTree = "<group>"; };
		E890EB8F2C87620800A8F2E3 /* SlidesTracker.swift */ = {isa = PBXFileReference; lastKnownFileType = sourcecode.swift; path = SlidesTracker.swift; sourceTree = "<group>"; };
		E890EB912C87864B00A8F2E3 /* FinalIntroView.swift */ = {isa = PBXFileReference; lastKnownFileType = sourcecode.swift; path = FinalIntroView.swift; sourceTree = "<group>"; };
		E890EB932C87968B00A8F2E3 /* RedButton.swift */ = {isa = PBXFileReference; lastKnownFileType = sourcecode.swift; path = RedButton.swift; sourceTree = "<group>"; };
/* End PBXFileReference section */

/* Begin PBXFrameworksBuildPhase section */
		E890EB6C2C874A7D00A8F2E3 /* Frameworks */ = {
			isa = PBXFrameworksBuildPhase;
			buildActionMask = 2147483647;
			files = (
			);
			runOnlyForDeploymentPostprocessing = 0;
		};
/* End PBXFrameworksBuildPhase section */

/* Begin PBXGroup section */
		E83002BD2C87C7B1000653C5 /* Login */ = {
			isa = PBXGroup;
			children = (
				E83002C42C87CBE9000653C5 /* Handler */,
				E83002BE2C87C81A000653C5 /* ChooseView.swift */,
				E83002C02C87CACC000653C5 /* AccountTypeChoice.swift */,
			);
			path = Login;
			sourceTree = "<group>";
		};
		E83002C42C87CBE9000653C5 /* Handler */ = {
			isa = PBXGroup;
			children = (
				E83002C62C87CC0F000653C5 /* LoginViewModel.swift */,
			);
			path = Handler;
			sourceTree = "<group>";
		};
		E890EB662C874A7D00A8F2E3 = {
			isa = PBXGroup;
			children = (
				E890EB712C874A7D00A8F2E3 /* graduation project */,
				E890EB702C874A7D00A8F2E3 /* Products */,
			);
			sourceTree = "<group>";
		};
		E890EB702C874A7D00A8F2E3 /* Products */ = {
			isa = PBXGroup;
			children = (
				E890EB6F2C874A7D00A8F2E3 /* graduation project.app */,
			);
			name = Products;
			sourceTree = "<group>";
		};
		E890EB712C874A7D00A8F2E3 /* graduation project */ = {
			isa = PBXGroup;
			children = (
				E890EB882C8758AF00A8F2E3 /* Model */,
				E890EB822C87580200A8F2E3 /* Modules */,
				E890EB722C874A7D00A8F2E3 /* graduation_projectApp.swift */,
				E890EB762C874A7F00A8F2E3 /* Assets.xcassets */,
				E890EB782C874A7F00A8F2E3 /* Preview Content */,
				E890EB802C8755F600A8F2E3 /* Launch Screen.storyboard */,
			);
			path = "graduation project";
			sourceTree = "<group>";
		};
		E890EB782C874A7F00A8F2E3 /* Preview Content */ = {
			isa = PBXGroup;
			children = (
				E890EB792C874A7F00A8F2E3 /* Preview Assets.xcassets */,
			);
			path = "Preview Content";
			sourceTree = "<group>";
		};
		E890EB822C87580200A8F2E3 /* Modules */ = {
			isa = PBXGroup;
			children = (
				E83002BD2C87C7B1000653C5 /* Login */,
				E890EB832C87580D00A8F2E3 /* Intro */,
				E890EB932C87968B00A8F2E3 /* RedButton.swift */,
			);
			path = Modules;
			sourceTree = "<group>";
		};
		E890EB832C87580D00A8F2E3 /* Intro */ = {
			isa = PBXGroup;
			children = (
				E890EB8C2C8759F000A8F2E3 /* Handler */,
				E890EB8B2C8759E500A8F2E3 /* Views */,
			);
			path = Intro;
			sourceTree = "<group>";
		};
		E890EB882C8758AF00A8F2E3 /* Model */ = {
			isa = PBXGroup;
			children = (
				E890EB862C87583800A8F2E3 /* Slide.swift */,
				E83002C22C87CAF2000653C5 /* AccountType.swift */,
			);
			path = Model;
			sourceTree = "<group>";
		};
		E890EB8B2C8759E500A8F2E3 /* Views */ = {
			isa = PBXGroup;
			children = (
				E890EB892C8758C700A8F2E3 /* SlideView.swift */,
				E890EB842C87581D00A8F2E3 /* IntroView.swift */,
				E890EB8F2C87620800A8F2E3 /* SlidesTracker.swift */,
				E890EB912C87864B00A8F2E3 /* FinalIntroView.swift */,
			);
			path = Views;
			sourceTree = "<group>";
		};
		E890EB8C2C8759F000A8F2E3 /* Handler */ = {
			isa = PBXGroup;
			children = (
				E890EB8D2C875A0600A8F2E3 /* IntroView+Handler.swift */,
			);
			path = Handler;
			sourceTree = "<group>";
		};
/* End PBXGroup section */

/* Begin PBXNativeTarget section */
		E890EB6E2C874A7D00A8F2E3 /* graduation project */ = {
			isa = PBXNativeTarget;
			buildConfigurationList = E890EB7D2C874A7F00A8F2E3 /* Build configuration list for PBXNativeTarget "graduation project" */;
			buildPhases = (
				E890EB6B2C874A7D00A8F2E3 /* Sources */,
				E890EB6C2C874A7D00A8F2E3 /* Frameworks */,
				E890EB6D2C874A7D00A8F2E3 /* Resources */,
			);
			buildRules = (
			);
			dependencies = (
			);
			name = "graduation project";
			productName = "graduation project";
			productReference = E890EB6F2C874A7D00A8F2E3 /* graduation project.app */;
			productType = "com.apple.product-type.application";
		};
/* End PBXNativeTarget section */

/* Begin PBXProject section */
		E890EB672C874A7D00A8F2E3 /* Project object */ = {
			isa = PBXProject;
			attributes = {
				BuildIndependentTargetsInParallel = 1;
				LastSwiftUpdateCheck = 1540;
				LastUpgradeCheck = 1540;
				TargetAttributes = {
					E890EB6E2C874A7D00A8F2E3 = {
						CreatedOnToolsVersion = 15.4;
					};
				};
			};
			buildConfigurationList = E890EB6A2C874A7D00A8F2E3 /* Build configuration list for PBXProject "graduation project" */;
			compatibilityVersion = "Xcode 14.0";
			developmentRegion = en;
			hasScannedForEncodings = 0;
			knownRegions = (
				en,
				Base,
			);
			mainGroup = E890EB662C874A7D00A8F2E3;
			productRefGroup = E890EB702C874A7D00A8F2E3 /* Products */;
			projectDirPath = "";
			projectRoot = "";
			targets = (
				E890EB6E2C874A7D00A8F2E3 /* graduation project */,
			);
		};
/* End PBXProject section */

/* Begin PBXResourcesBuildPhase section */
		E890EB6D2C874A7D00A8F2E3 /* Resources */ = {
			isa = PBXResourcesBuildPhase;
			buildActionMask = 2147483647;
			files = (
				E890EB812C8755F600A8F2E3 /* Launch Screen.storyboard in Resources */,
				E890EB7A2C874A7F00A8F2E3 /* Preview Assets.xcassets in Resources */,
				E890EB772C874A7F00A8F2E3 /* Assets.xcassets in Resources */,
			);
			runOnlyForDeploymentPostprocessing = 0;
		};
/* End PBXResourcesBuildPhase section */

/* Begin PBXSourcesBuildPhase section */
		E890EB6B2C874A7D00A8F2E3 /* Sources */ = {
			isa = PBXSourcesBuildPhase;
			buildActionMask = 2147483647;
			files = (
				E890EB922C87864C00A8F2E3 /* FinalIntroView.swift in Sources */,
				E83002BF2C87C81A000653C5 /* ChooseView.swift in Sources */,
				E890EB8E2C875A0600A8F2E3 /* IntroView+Handler.swift in Sources */,
				E890EB732C874A7D00A8F2E3 /* graduation_projectApp.swift in Sources */,
				E83002C12C87CACC000653C5 /* AccountTypeChoice.swift in Sources */,
				E890EB852C87581D00A8F2E3 /* IntroView.swift in Sources */,
				E890EB942C87968B00A8F2E3 /* RedButton.swift in Sources */,
				E890EB872C87583800A8F2E3 /* Slide.swift in Sources */,
				E83002C72C87CC0F000653C5 /* LoginViewModel.swift in Sources */,
				E890EB8A2C8758C700A8F2E3 /* SlideView.swift in Sources */,
				E890EB902C87620800A8F2E3 /* SlidesTracker.swift in Sources */,
				E83002C32C87CAF2000653C5 /* AccountType.swift in Sources */,
			);
			runOnlyForDeploymentPostprocessing = 0;
		};
/* End PBXSourcesBuildPhase section */

/* Begin XCBuildConfiguration section */
		E890EB7B2C874A7F00A8F2E3 /* Debug */ = {
			isa = XCBuildConfiguration;
			buildSettings = {
				ALWAYS_SEARCH_USER_PATHS = NO;
				ASSETCATALOG_COMPILER_GENERATE_SWIFT_ASSET_SYMBOL_EXTENSIONS = YES;
				CLANG_ANALYZER_NONNULL = YES;
				CLANG_ANALYZER_NUMBER_OBJECT_CONVERSION = YES_AGGRESSIVE;
				CLANG_CXX_LANGUAGE_STANDARD = "gnu++20";
				CLANG_ENABLE_MODULES = YES;
				CLANG_ENABLE_OBJC_ARC = YES;
				CLANG_ENABLE_OBJC_WEAK = YES;
				CLANG_WARN_BLOCK_CAPTURE_AUTORELEASING = YES;
				CLANG_WARN_BOOL_CONVERSION = YES;
				CLANG_WARN_COMMA = YES;
				CLANG_WARN_CONSTANT_CONVERSION = YES;
				CLANG_WARN_DEPRECATED_OBJC_IMPLEMENTATIONS = YES;
				CLANG_WARN_DIRECT_OBJC_ISA_USAGE = YES_ERROR;
				CLANG_WARN_DOCUMENTATION_COMMENTS = YES;
				CLANG_WARN_EMPTY_BODY = YES;
				CLANG_WARN_ENUM_CONVERSION = YES;
				CLANG_WARN_INFINITE_RECURSION = YES;
				CLANG_WARN_INT_CONVERSION = YES;
				CLANG_WARN_NON_LITERAL_NULL_CONVERSION = YES;
				CLANG_WARN_OBJC_IMPLICIT_RETAIN_SELF = YES;
				CLANG_WARN_OBJC_LITERAL_CONVERSION = YES;
				CLANG_WARN_OBJC_ROOT_CLASS = YES_ERROR;
				CLANG_WARN_QUOTED_INCLUDE_IN_FRAMEWORK_HEADER = YES;
				CLANG_WARN_RANGE_LOOP_ANALYSIS = YES;
				CLANG_WARN_STRICT_PROTOTYPES = YES;
				CLANG_WARN_SUSPICIOUS_MOVE = YES;
				CLANG_WARN_UNGUARDED_AVAILABILITY = YES_AGGRESSIVE;
				CLANG_WARN_UNREACHABLE_CODE = YES;
				CLANG_WARN__DUPLICATE_METHOD_MATCH = YES;
				COPY_PHASE_STRIP = NO;
				DEBUG_INFORMATION_FORMAT = dwarf;
				ENABLE_STRICT_OBJC_MSGSEND = YES;
				ENABLE_TESTABILITY = YES;
				ENABLE_USER_SCRIPT_SANDBOXING = YES;
				GCC_C_LANGUAGE_STANDARD = gnu17;
				GCC_DYNAMIC_NO_PIC = NO;
				GCC_NO_COMMON_BLOCKS = YES;
				GCC_OPTIMIZATION_LEVEL = 0;
				GCC_PREPROCESSOR_DEFINITIONS = (
					"DEBUG=1",
					"$(inherited)",
				);
				GCC_WARN_64_TO_32_BIT_CONVERSION = YES;
				GCC_WARN_ABOUT_RETURN_TYPE = YES_ERROR;
				GCC_WARN_UNDECLARED_SELECTOR = YES;
				GCC_WARN_UNINITIALIZED_AUTOS = YES_AGGRESSIVE;
				GCC_WARN_UNUSED_FUNCTION = YES;
				GCC_WARN_UNUSED_VARIABLE = YES;
				IPHONEOS_DEPLOYMENT_TARGET = 17.5;
				LOCALIZATION_PREFERS_STRING_CATALOGS = YES;
				MTL_ENABLE_DEBUG_INFO = INCLUDE_SOURCE;
				MTL_FAST_MATH = YES;
				ONLY_ACTIVE_ARCH = YES;
				SDKROOT = iphoneos;
				SWIFT_ACTIVE_COMPILATION_CONDITIONS = "DEBUG $(inherited)";
				SWIFT_OPTIMIZATION_LEVEL = "-Onone";
			};
			name = Debug;
		};
		E890EB7C2C874A7F00A8F2E3 /* Release */ = {
			isa = XCBuildConfiguration;
			buildSettings = {
				ALWAYS_SEARCH_USER_PATHS = NO;
				ASSETCATALOG_COMPILER_GENERATE_SWIFT_ASSET_SYMBOL_EXTENSIONS = YES;
				CLANG_ANALYZER_NONNULL = YES;
				CLANG_ANALYZER_NUMBER_OBJECT_CONVERSION = YES_AGGRESSIVE;
				CLANG_CXX_LANGUAGE_STANDARD = "gnu++20";
				CLANG_ENABLE_MODULES = YES;
				CLANG_ENABLE_OBJC_ARC = YES;
				CLANG_ENABLE_OBJC_WEAK = YES;
				CLANG_WARN_BLOCK_CAPTURE_AUTORELEASING = YES;
				CLANG_WARN_BOOL_CONVERSION = YES;
				CLANG_WARN_COMMA = YES;
				CLANG_WARN_CONSTANT_CONVERSION = YES;
				CLANG_WARN_DEPRECATED_OBJC_IMPLEMENTATIONS = YES;
				CLANG_WARN_DIRECT_OBJC_ISA_USAGE = YES_ERROR;
				CLANG_WARN_DOCUMENTATION_COMMENTS = YES;
				CLANG_WARN_EMPTY_BODY = YES;
				CLANG_WARN_ENUM_CONVERSION = YES;
				CLANG_WARN_INFINITE_RECURSION = YES;
				CLANG_WARN_INT_CONVERSION = YES;
				CLANG_WARN_NON_LITERAL_NULL_CONVERSION = YES;
				CLANG_WARN_OBJC_IMPLICIT_RETAIN_SELF = YES;
				CLANG_WARN_OBJC_LITERAL_CONVERSION = YES;
				CLANG_WARN_OBJC_ROOT_CLASS = YES_ERROR;
				CLANG_WARN_QUOTED_INCLUDE_IN_FRAMEWORK_HEADER = YES;
				CLANG_WARN_RANGE_LOOP_ANALYSIS = YES;
				CLANG_WARN_STRICT_PROTOTYPES = YES;
				CLANG_WARN_SUSPICIOUS_MOVE = YES;
				CLANG_WARN_UNGUARDED_AVAILABILITY = YES_AGGRESSIVE;
				CLANG_WARN_UNREACHABLE_CODE = YES;
				CLANG_WARN__DUPLICATE_METHOD_MATCH = YES;
				COPY_PHASE_STRIP = NO;
				DEBUG_INFORMATION_FORMAT = "dwarf-with-dsym";
				ENABLE_NS_ASSERTIONS = NO;
				ENABLE_STRICT_OBJC_MSGSEND = YES;
				ENABLE_USER_SCRIPT_SANDBOXING = YES;
				GCC_C_LANGUAGE_STANDARD = gnu17;
				GCC_NO_COMMON_BLOCKS = YES;
				GCC_WARN_64_TO_32_BIT_CONVERSION = YES;
				GCC_WARN_ABOUT_RETURN_TYPE = YES_ERROR;
				GCC_WARN_UNDECLARED_SELECTOR = YES;
				GCC_WARN_UNINITIALIZED_AUTOS = YES_AGGRESSIVE;
				GCC_WARN_UNUSED_FUNCTION = YES;
				GCC_WARN_UNUSED_VARIABLE = YES;
				IPHONEOS_DEPLOYMENT_TARGET = 17.5;
				LOCALIZATION_PREFERS_STRING_CATALOGS = YES;
				MTL_ENABLE_DEBUG_INFO = NO;
				MTL_FAST_MATH = YES;
				SDKROOT = iphoneos;
				SWIFT_COMPILATION_MODE = wholemodule;
				VALIDATE_PRODUCT = YES;
			};
			name = Release;
		};
		E890EB7E2C874A7F00A8F2E3 /* Debug */ = {
			isa = XCBuildConfiguration;
			buildSettings = {
				ASSETCATALOG_COMPILER_APPICON_NAME = AppIcon;
				ASSETCATALOG_COMPILER_GLOBAL_ACCENT_COLOR_NAME = AccentColor;
				CODE_SIGN_STYLE = Automatic;
				CURRENT_PROJECT_VERSION = 1;
				DEVELOPMENT_ASSET_PATHS = "\"graduation project/Preview Content\"";
				DEVELOPMENT_TEAM = YX66ZU7AY8;
				ENABLE_PREVIEWS = YES;
				GENERATE_INFOPLIST_FILE = YES;
				INFOPLIST_KEY_UIApplicationSceneManifest_Generation = YES;
				INFOPLIST_KEY_UIApplicationSupportsIndirectInputEvents = YES;
				INFOPLIST_KEY_UILaunchScreen_Generation = YES;
				INFOPLIST_KEY_UILaunchStoryboardName = "Launch Screen.storyboard";
				INFOPLIST_KEY_UISupportedInterfaceOrientations_iPad = "UIInterfaceOrientationPortrait UIInterfaceOrientationPortraitUpsideDown UIInterfaceOrientationLandscapeLeft UIInterfaceOrientationLandscapeRight";
				INFOPLIST_KEY_UISupportedInterfaceOrientations_iPhone = "UIInterfaceOrientationPortrait UIInterfaceOrientationLandscapeLeft UIInterfaceOrientationLandscapeRight";
				LD_RUNPATH_SEARCH_PATHS = (
					"$(inherited)",
					"@executable_path/Frameworks",
				);
				MARKETING_VERSION = 1.0;
				PRODUCT_BUNDLE_IDENTIFIER = "com.mazen.graduation-project";
				PRODUCT_NAME = "$(TARGET_NAME)";
				SWIFT_EMIT_LOC_STRINGS = YES;
				SWIFT_VERSION = 5.0;
				TARGETED_DEVICE_FAMILY = "1,2";
			};
			name = Debug;
		};
		E890EB7F2C874A7F00A8F2E3 /* Release */ = {
			isa = XCBuildConfiguration;
			buildSettings = {
				ASSETCATALOG_COMPILER_APPICON_NAME = AppIcon;
				ASSETCATALOG_COMPILER_GLOBAL_ACCENT_COLOR_NAME = AccentColor;
				CODE_SIGN_STYLE = Automatic;
				CURRENT_PROJECT_VERSION = 1;
				DEVELOPMENT_ASSET_PATHS = "\"graduation project/Preview Content\"";
				DEVELOPMENT_TEAM = YX66ZU7AY8;
				ENABLE_PREVIEWS = YES;
				GENERATE_INFOPLIST_FILE = YES;
				INFOPLIST_KEY_UIApplicationSceneManifest_Generation = YES;
				INFOPLIST_KEY_UIApplicationSupportsIndirectInputEvents = YES;
				INFOPLIST_KEY_UILaunchScreen_Generation = YES;
				INFOPLIST_KEY_UILaunchStoryboardName = "Launch Screen.storyboard";
				INFOPLIST_KEY_UISupportedInterfaceOrientations_iPad = "UIInterfaceOrientationPortrait UIInterfaceOrientationPortraitUpsideDown UIInterfaceOrientationLandscapeLeft UIInterfaceOrientationLandscapeRight";
				INFOPLIST_KEY_UISupportedInterfaceOrientations_iPhone = "UIInterfaceOrientationPortrait UIInterfaceOrientationLandscapeLeft UIInterfaceOrientationLandscapeRight";
				LD_RUNPATH_SEARCH_PATHS = (
					"$(inherited)",
					"@executable_path/Frameworks",
				);
				MARKETING_VERSION = 1.0;
				PRODUCT_BUNDLE_IDENTIFIER = "com.mazen.graduation-project";
				PRODUCT_NAME = "$(TARGET_NAME)";
				SWIFT_EMIT_LOC_STRINGS = YES;
				SWIFT_VERSION = 5.0;
				TARGETED_DEVICE_FAMILY = "1,2";
			};
			name = Release;
		};
/* End XCBuildConfiguration section */

/* Begin XCConfigurationList section */
		E890EB6A2C874A7D00A8F2E3 /* Build configuration list for PBXProject "graduation project" */ = {
			isa = XCConfigurationList;
			buildConfigurations = (
				E890EB7B2C874A7F00A8F2E3 /* Debug */,
				E890EB7C2C874A7F00A8F2E3 /* Release */,
			);
			defaultConfigurationIsVisible = 0;
			defaultConfigurationName = Release;
		};
		E890EB7D2C874A7F00A8F2E3 /* Build configuration list for PBXNativeTarget "graduation project" */ = {
			isa = XCConfigurationList;
			buildConfigurations = (
				E890EB7E2C874A7F00A8F2E3 /* Debug */,
				E890EB7F2C874A7F00A8F2E3 /* Release */,
			);
			defaultConfigurationIsVisible = 0;
			defaultConfigurationName = Release;
		};
/* End XCConfigurationList section */
	};
	rootObject = E890EB672C874A7D00A8F2E3 /* Project object */;
}
